// !$*UTF8*$!
{
	archiveVersion = 1;
	classes = {
	};
	objectVersion = 55;
	objects = {

/* Begin PBXBuildFile section */
		F2318DB2FC80330ECADF3200 /* Pods_Netflix.framework in Frameworks */ = {isa = PBXBuildFile; fileRef = 7F404FC2FA6F4E72BB3F058F /* Pods_Netflix.framework */; };
		F904FDF6284F366200B0A72A /* LottieSpinner.json in Resources */ = {isa = PBXBuildFile; fileRef = F904FDF5284F366200B0A72A /* LottieSpinner.json */; };
		F90CAFD5284630070011E4E5 /* SplashViewController.swift in Sources */ = {isa = PBXBuildFile; fileRef = F90CAFD4284630070011E4E5 /* SplashViewController.swift */; };
		F90CAFD7284631890011E4E5 /* LoginViewController.swift in Sources */ = {isa = PBXBuildFile; fileRef = F90CAFD6284631890011E4E5 /* LoginViewController.swift */; };
		F90CAFD92846320B0011E4E5 /* MovieDetailsViewController.swift in Sources */ = {isa = PBXBuildFile; fileRef = F90CAFD82846320B0011E4E5 /* MovieDetailsViewController.swift */; };
		F90CAFDB284633320011E4E5 /* ApplicationCoordinator.swift in Sources */ = {isa = PBXBuildFile; fileRef = F90CAFDA284633320011E4E5 /* ApplicationCoordinator.swift */; };
		F90CAFDD2846358B0011E4E5 /* OnBoardingCoordinator.swift in Sources */ = {isa = PBXBuildFile; fileRef = F90CAFDC2846358B0011E4E5 /* OnBoardingCoordinator.swift */; };
		F90CAFDF284637500011E4E5 /* SplashCoordinator.swift in Sources */ = {isa = PBXBuildFile; fileRef = F90CAFDE284637500011E4E5 /* SplashCoordinator.swift */; };
		F90CAFE128463AB80011E4E5 /* MainCoordinator.swift in Sources */ = {isa = PBXBuildFile; fileRef = F90CAFE028463AB80011E4E5 /* MainCoordinator.swift */; };
		F90CAFE528463D5D0011E4E5 /* HomeViewCoordinator.swift in Sources */ = {isa = PBXBuildFile; fileRef = F90CAFE428463D5D0011E4E5 /* HomeViewCoordinator.swift */; };
		F90CAFE728463E9E0011E4E5 /* CommingSoonCoordinator.swift in Sources */ = {isa = PBXBuildFile; fileRef = F90CAFE628463E9E0011E4E5 /* CommingSoonCoordinator.swift */; };
		F90CAFE9284644020011E4E5 /* FavoritesCoordinator.swift in Sources */ = {isa = PBXBuildFile; fileRef = F90CAFE8284644020011E4E5 /* FavoritesCoordinator.swift */; };
		F90CAFEB28464F6F0011E4E5 /* LoginViewCoordinator.swift in Sources */ = {isa = PBXBuildFile; fileRef = F90CAFEA28464F6F0011E4E5 /* LoginViewCoordinator.swift */; };
		F90CAFED28464FD80011E4E5 /* MovieDetailsCoordinator.swift in Sources */ = {isa = PBXBuildFile; fileRef = F90CAFEC28464FD80011E4E5 /* MovieDetailsCoordinator.swift */; };
		F910B982283E5D6B00A55A7A /* XCAssets+Generated.swift in Sources */ = {isa = PBXBuildFile; fileRef = F910B981283E5D6B00A55A7A /* XCAssets+Generated.swift */; };
		F910B984283E716A00A55A7A /* HomePopularMoviesUIView.swift in Sources */ = {isa = PBXBuildFile; fileRef = F910B983283E716A00A55A7A /* HomePopularMoviesUIView.swift */; };
		F91253E92848F368005792F9 /* SplashViewModel.swift in Sources */ = {isa = PBXBuildFile; fileRef = F91253E82848F368005792F9 /* SplashViewModel.swift */; };
		F925351A284F53B10037AD29 /* UIViewController.Extensions.swift in Sources */ = {isa = PBXBuildFile; fileRef = F9253519284F53B10037AD29 /* UIViewController.Extensions.swift */; };
		F925351C284F53F70037AD29 /* UIResponder.Extensions.swift in Sources */ = {isa = PBXBuildFile; fileRef = F925351B284F53F70037AD29 /* UIResponder.Extensions.swift */; };
		F9489B16283E1CD100677A73 /* HomeViewController.swift in Sources */ = {isa = PBXBuildFile; fileRef = F9489B15283E1CD100677A73 /* HomeViewController.swift */; };
		F9489B18283E1CFD00677A73 /* CommingSoonViewController.swift in Sources */ = {isa = PBXBuildFile; fileRef = F9489B17283E1CFD00677A73 /* CommingSoonViewController.swift */; };
		F9489B1A283E1D2400677A73 /* FavoritesViewController.swift in Sources */ = {isa = PBXBuildFile; fileRef = F9489B19283E1D2400677A73 /* FavoritesViewController.swift */; };
		F9489B20283E51C200677A73 /* HomeLatestMovieUIView.swift in Sources */ = {isa = PBXBuildFile; fileRef = F9489B1F283E51C200677A73 /* HomeLatestMovieUIView.swift */; };
		F9489B22283E58DD00677A73 /* swiftgen.yml in Resources */ = {isa = PBXBuildFile; fileRef = F9489B21283E58DD00677A73 /* swiftgen.yml */; };
		F94E13B3284DE49E008F9B2F /* UIScrollView.Extensions.swift in Sources */ = {isa = PBXBuildFile; fileRef = F94E13B2284DE49E008F9B2F /* UIScrollView.Extensions.swift */; };
		F94E13B5284DE4A7008F9B2F /* UITabBarItem.Extensions.swift in Sources */ = {isa = PBXBuildFile; fileRef = F94E13B4284DE4A7008F9B2F /* UITabBarItem.Extensions.swift */; };
		F967AF0A2844B36900758CE0 /* OnBoardingViewController.swift in Sources */ = {isa = PBXBuildFile; fileRef = F967AF092844B36900758CE0 /* OnBoardingViewController.swift */; };
		F967AF0D2844B47C00758CE0 /* FirstOnBoardingUIView.swift in Sources */ = {isa = PBXBuildFile; fileRef = F967AF0C2844B47C00758CE0 /* FirstOnBoardingUIView.swift */; };
		F967AF0F2844B48900758CE0 /* SecondOnBoardingUIView.swift in Sources */ = {isa = PBXBuildFile; fileRef = F967AF0E2844B48900758CE0 /* SecondOnBoardingUIView.swift */; };
		F97E8E73284F337D00461380 /* LoadingUIView.swift in Sources */ = {isa = PBXBuildFile; fileRef = F97E8E72284F337D00461380 /* LoadingUIView.swift */; };
		F9810549283F69BA005496FD /* UIVerticalButton.swift in Sources */ = {isa = PBXBuildFile; fileRef = F9810548283F69BA005496FD /* UIVerticalButton.swift */; };
		F983599D284110D100BD6F8A /* LoginUIView.swift in Sources */ = {isa = PBXBuildFile; fileRef = F983599C284110D100BD6F8A /* LoginUIView.swift */; };
		F983599F28411EB300BD6F8A /* UITextField.Extensions.swift in Sources */ = {isa = PBXBuildFile; fileRef = F983599E28411EB300BD6F8A /* UITextField.Extensions.swift */; };
		F98359A32841278800BD6F8A /* SplashUIView.swift in Sources */ = {isa = PBXBuildFile; fileRef = F98359A22841278800BD6F8A /* SplashUIView.swift */; };
		F98359A5284128D100BD6F8A /* OnBoardingUIView.swift in Sources */ = {isa = PBXBuildFile; fileRef = F98359A4284128D100BD6F8A /* OnBoardingUIView.swift */; };
		F98B38A628461EA900349F6E /* Coordinator.swift in Sources */ = {isa = PBXBuildFile; fileRef = F98B38A528461EA900349F6E /* Coordinator.swift */; };
		F99AA54A2840E44000BB3B76 /* CustomPopularMoviesCollectionViewCell.swift in Sources */ = {isa = PBXBuildFile; fileRef = F99AA5492840E44000BB3B76 /* CustomPopularMoviesCollectionViewCell.swift */; };
		F99D1B5A284262EE009EE515 /* CommingSoonUIView.swift in Sources */ = {isa = PBXBuildFile; fileRef = F99D1B59284262EE009EE515 /* CommingSoonUIView.swift */; };
		F99D1B5D284268B3009EE515 /* CustomComingSoonCollectionViewCell.swift in Sources */ = {isa = PBXBuildFile; fileRef = F99D1B5C284268B3009EE515 /* CustomComingSoonCollectionViewCell.swift */; };
		F99D1B602842808A009EE515 /* FavoritesUIView.swift in Sources */ = {isa = PBXBuildFile; fileRef = F99D1B5F2842808A009EE515 /* FavoritesUIView.swift */; };
		F9A2AF0C283CC5E700EB7EB1 /* .swiftlint.yml in Resources */ = {isa = PBXBuildFile; fileRef = F9A2AF0B283CC5E700EB7EB1 /* .swiftlint.yml */; };
		F9C0449A283B9ED40038F175 /* AppDelegate.swift in Sources */ = {isa = PBXBuildFile; fileRef = F9C04499283B9ED40038F175 /* AppDelegate.swift */; };
		F9C0449C283B9ED40038F175 /* SceneDelegate.swift in Sources */ = {isa = PBXBuildFile; fileRef = F9C0449B283B9ED40038F175 /* SceneDelegate.swift */; };
		F9C044A3283B9ED40038F175 /* Assets.xcassets in Resources */ = {isa = PBXBuildFile; fileRef = F9C044A2283B9ED40038F175 /* Assets.xcassets */; };
		F9C044A6283B9ED40038F175 /* LaunchScreen.storyboard in Resources */ = {isa = PBXBuildFile; fileRef = F9C044A4283B9ED40038F175 /* LaunchScreen.storyboard */; };
		F9C044B1283B9ED50038F175 /* NetflixTests.swift in Sources */ = {isa = PBXBuildFile; fileRef = F9C044B0283B9ED50038F175 /* NetflixTests.swift */; };
		F9C044BB283B9ED50038F175 /* NetflixUITests.swift in Sources */ = {isa = PBXBuildFile; fileRef = F9C044BA283B9ED50038F175 /* NetflixUITests.swift */; };
		F9C044BD283B9ED50038F175 /* NetflixUITestsLaunchTests.swift in Sources */ = {isa = PBXBuildFile; fileRef = F9C044BC283B9ED50038F175 /* NetflixUITestsLaunchTests.swift */; };
		F9C73AAE2843A67F004EF079 /* CustomFavoritesTableViewCell.swift in Sources */ = {isa = PBXBuildFile; fileRef = F9C73AAD2843A67F004EF079 /* CustomFavoritesTableViewCell.swift */; };
		F9C73AB12843D958004EF079 /* MovieDetailsUIView.swift in Sources */ = {isa = PBXBuildFile; fileRef = F9C73AB02843D958004EF079 /* MovieDetailsUIView.swift */; };
/* End PBXBuildFile section */

/* Begin PBXContainerItemProxy section */
		F9C044AD283B9ED50038F175 /* PBXContainerItemProxy */ = {
			isa = PBXContainerItemProxy;
			containerPortal = F9C0448E283B9ED40038F175 /* Project object */;
			proxyType = 1;
			remoteGlobalIDString = F9C04495283B9ED40038F175;
			remoteInfo = Netflix;
		};
		F9C044B7283B9ED50038F175 /* PBXContainerItemProxy */ = {
			isa = PBXContainerItemProxy;
			containerPortal = F9C0448E283B9ED40038F175 /* Project object */;
			proxyType = 1;
			remoteGlobalIDString = F9C04495283B9ED40038F175;
			remoteInfo = Netflix;
		};
/* End PBXContainerItemProxy section */

/* Begin PBXFileReference section */
		220D5AE1C398F972F140CF21 /* Pods-Netflix.debug.xcconfig */ = {isa = PBXFileReference; includeInIndex = 1; lastKnownFileType = text.xcconfig; name = "Pods-Netflix.debug.xcconfig"; path = "Target Support Files/Pods-Netflix/Pods-Netflix.debug.xcconfig"; sourceTree = "<group>"; };
		7F404FC2FA6F4E72BB3F058F /* Pods_Netflix.framework */ = {isa = PBXFileReference; explicitFileType = wrapper.framework; includeInIndex = 0; path = Pods_Netflix.framework; sourceTree = BUILT_PRODUCTS_DIR; };
		B9A0B76BEEC1C6AFEDCD8A2B /* Pods-Netflix.release.xcconfig */ = {isa = PBXFileReference; includeInIndex = 1; lastKnownFileType = text.xcconfig; name = "Pods-Netflix.release.xcconfig"; path = "Target Support Files/Pods-Netflix/Pods-Netflix.release.xcconfig"; sourceTree = "<group>"; };
		F904FDF5284F366200B0A72A /* LottieSpinner.json */ = {isa = PBXFileReference; lastKnownFileType = text.json; path = LottieSpinner.json; sourceTree = "<group>"; };
		F90CAFD4284630070011E4E5 /* SplashViewController.swift */ = {isa = PBXFileReference; lastKnownFileType = sourcecode.swift; path = SplashViewController.swift; sourceTree = "<group>"; };
		F90CAFD6284631890011E4E5 /* LoginViewController.swift */ = {isa = PBXFileReference; lastKnownFileType = sourcecode.swift; path = LoginViewController.swift; sourceTree = "<group>"; };
		F90CAFD82846320B0011E4E5 /* MovieDetailsViewController.swift */ = {isa = PBXFileReference; lastKnownFileType = sourcecode.swift; path = MovieDetailsViewController.swift; sourceTree = "<group>"; };
		F90CAFDA284633320011E4E5 /* ApplicationCoordinator.swift */ = {isa = PBXFileReference; lastKnownFileType = sourcecode.swift; path = ApplicationCoordinator.swift; sourceTree = "<group>"; };
		F90CAFDC2846358B0011E4E5 /* OnBoardingCoordinator.swift */ = {isa = PBXFileReference; lastKnownFileType = sourcecode.swift; path = OnBoardingCoordinator.swift; sourceTree = "<group>"; };
		F90CAFDE284637500011E4E5 /* SplashCoordinator.swift */ = {isa = PBXFileReference; lastKnownFileType = sourcecode.swift; path = SplashCoordinator.swift; sourceTree = "<group>"; };
		F90CAFE028463AB80011E4E5 /* MainCoordinator.swift */ = {isa = PBXFileReference; lastKnownFileType = sourcecode.swift; path = MainCoordinator.swift; sourceTree = "<group>"; };
		F90CAFE428463D5D0011E4E5 /* HomeViewCoordinator.swift */ = {isa = PBXFileReference; lastKnownFileType = sourcecode.swift; path = HomeViewCoordinator.swift; sourceTree = "<group>"; };
		F90CAFE628463E9E0011E4E5 /* CommingSoonCoordinator.swift */ = {isa = PBXFileReference; lastKnownFileType = sourcecode.swift; path = CommingSoonCoordinator.swift; sourceTree = "<group>"; };
		F90CAFE8284644020011E4E5 /* FavoritesCoordinator.swift */ = {isa = PBXFileReference; lastKnownFileType = sourcecode.swift; path = FavoritesCoordinator.swift; sourceTree = "<group>"; };
		F90CAFEA28464F6F0011E4E5 /* LoginViewCoordinator.swift */ = {isa = PBXFileReference; lastKnownFileType = sourcecode.swift; path = LoginViewCoordinator.swift; sourceTree = "<group>"; };
		F90CAFEC28464FD80011E4E5 /* MovieDetailsCoordinator.swift */ = {isa = PBXFileReference; lastKnownFileType = sourcecode.swift; path = MovieDetailsCoordinator.swift; sourceTree = "<group>"; };
		F910B981283E5D6B00A55A7A /* XCAssets+Generated.swift */ = {isa = PBXFileReference; lastKnownFileType = sourcecode.swift; path = "XCAssets+Generated.swift"; sourceTree = "<group>"; };
		F910B983283E716A00A55A7A /* HomePopularMoviesUIView.swift */ = {isa = PBXFileReference; lastKnownFileType = sourcecode.swift; path = HomePopularMoviesUIView.swift; sourceTree = "<group>"; };
		F91253E82848F368005792F9 /* SplashViewModel.swift */ = {isa = PBXFileReference; lastKnownFileType = sourcecode.swift; path = SplashViewModel.swift; sourceTree = "<group>"; };
		F9253519284F53B10037AD29 /* UIViewController.Extensions.swift */ = {isa = PBXFileReference; lastKnownFileType = sourcecode.swift; path = UIViewController.Extensions.swift; sourceTree = "<group>"; };
		F925351B284F53F70037AD29 /* UIResponder.Extensions.swift */ = {isa = PBXFileReference; lastKnownFileType = sourcecode.swift; path = UIResponder.Extensions.swift; sourceTree = "<group>"; };
		F9489B15283E1CD100677A73 /* HomeViewController.swift */ = {isa = PBXFileReference; lastKnownFileType = sourcecode.swift; path = HomeViewController.swift; sourceTree = "<group>"; };
		F9489B17283E1CFD00677A73 /* CommingSoonViewController.swift */ = {isa = PBXFileReference; lastKnownFileType = sourcecode.swift; path = CommingSoonViewController.swift; sourceTree = "<group>"; };
		F9489B19283E1D2400677A73 /* FavoritesViewController.swift */ = {isa = PBXFileReference; lastKnownFileType = sourcecode.swift; path = FavoritesViewController.swift; sourceTree = "<group>"; };
		F9489B1F283E51C200677A73 /* HomeLatestMovieUIView.swift */ = {isa = PBXFileReference; lastKnownFileType = sourcecode.swift; path = HomeLatestMovieUIView.swift; sourceTree = "<group>"; };
		F9489B21283E58DD00677A73 /* swiftgen.yml */ = {isa = PBXFileReference; fileEncoding = 4; lastKnownFileType = text.yaml; path = swiftgen.yml; sourceTree = "<group>"; };
		F94E13B2284DE49E008F9B2F /* UIScrollView.Extensions.swift */ = {isa = PBXFileReference; lastKnownFileType = sourcecode.swift; path = UIScrollView.Extensions.swift; sourceTree = "<group>"; };
		F94E13B4284DE4A7008F9B2F /* UITabBarItem.Extensions.swift */ = {isa = PBXFileReference; lastKnownFileType = sourcecode.swift; path = UITabBarItem.Extensions.swift; sourceTree = "<group>"; };
		F967AF092844B36900758CE0 /* OnBoardingViewController.swift */ = {isa = PBXFileReference; lastKnownFileType = sourcecode.swift; path = OnBoardingViewController.swift; sourceTree = "<group>"; };
		F967AF0C2844B47C00758CE0 /* FirstOnBoardingUIView.swift */ = {isa = PBXFileReference; lastKnownFileType = sourcecode.swift; path = FirstOnBoardingUIView.swift; sourceTree = "<group>"; };
		F967AF0E2844B48900758CE0 /* SecondOnBoardingUIView.swift */ = {isa = PBXFileReference; lastKnownFileType = sourcecode.swift; path = SecondOnBoardingUIView.swift; sourceTree = "<group>"; };
		F97E8E72284F337D00461380 /* LoadingUIView.swift */ = {isa = PBXFileReference; lastKnownFileType = sourcecode.swift; path = LoadingUIView.swift; sourceTree = "<group>"; };
		F9810548283F69BA005496FD /* UIVerticalButton.swift */ = {isa = PBXFileReference; lastKnownFileType = sourcecode.swift; path = UIVerticalButton.swift; sourceTree = "<group>"; };
		F983599C284110D100BD6F8A /* LoginUIView.swift */ = {isa = PBXFileReference; lastKnownFileType = sourcecode.swift; path = LoginUIView.swift; sourceTree = "<group>"; };
		F983599E28411EB300BD6F8A /* UITextField.Extensions.swift */ = {isa = PBXFileReference; lastKnownFileType = sourcecode.swift; path = UITextField.Extensions.swift; sourceTree = "<group>"; };
		F98359A22841278800BD6F8A /* SplashUIView.swift */ = {isa = PBXFileReference; lastKnownFileType = sourcecode.swift; path = SplashUIView.swift; sourceTree = "<group>"; };
		F98359A4284128D100BD6F8A /* OnBoardingUIView.swift */ = {isa = PBXFileReference; lastKnownFileType = sourcecode.swift; path = OnBoardingUIView.swift; sourceTree = "<group>"; };
		F98B38A528461EA900349F6E /* Coordinator.swift */ = {isa = PBXFileReference; lastKnownFileType = sourcecode.swift; path = Coordinator.swift; sourceTree = "<group>"; };
		F99AA5492840E44000BB3B76 /* CustomPopularMoviesCollectionViewCell.swift */ = {isa = PBXFileReference; lastKnownFileType = sourcecode.swift; path = CustomPopularMoviesCollectionViewCell.swift; sourceTree = "<group>"; };
		F99D1B59284262EE009EE515 /* CommingSoonUIView.swift */ = {isa = PBXFileReference; lastKnownFileType = sourcecode.swift; path = CommingSoonUIView.swift; sourceTree = "<group>"; };
		F99D1B5C284268B3009EE515 /* CustomComingSoonCollectionViewCell.swift */ = {isa = PBXFileReference; lastKnownFileType = sourcecode.swift; path = CustomComingSoonCollectionViewCell.swift; sourceTree = "<group>"; };
		F99D1B5F2842808A009EE515 /* FavoritesUIView.swift */ = {isa = PBXFileReference; lastKnownFileType = sourcecode.swift; path = FavoritesUIView.swift; sourceTree = "<group>"; };
		F9A2AF0B283CC5E700EB7EB1 /* .swiftlint.yml */ = {isa = PBXFileReference; lastKnownFileType = text.yaml; path = .swiftlint.yml; sourceTree = "<group>"; };
		F9C04496283B9ED40038F175 /* Netflix.app */ = {isa = PBXFileReference; explicitFileType = wrapper.application; includeInIndex = 0; path = Netflix.app; sourceTree = BUILT_PRODUCTS_DIR; };
		F9C04499283B9ED40038F175 /* AppDelegate.swift */ = {isa = PBXFileReference; lastKnownFileType = sourcecode.swift; path = AppDelegate.swift; sourceTree = "<group>"; };
		F9C0449B283B9ED40038F175 /* SceneDelegate.swift */ = {isa = PBXFileReference; lastKnownFileType = sourcecode.swift; path = SceneDelegate.swift; sourceTree = "<group>"; };
		F9C044A2283B9ED40038F175 /* Assets.xcassets */ = {isa = PBXFileReference; lastKnownFileType = folder.assetcatalog; path = Assets.xcassets; sourceTree = "<group>"; };
		F9C044A5283B9ED40038F175 /* Base */ = {isa = PBXFileReference; lastKnownFileType = file.storyboard; name = Base; path = Base.lproj/LaunchScreen.storyboard; sourceTree = "<group>"; };
		F9C044A7283B9ED40038F175 /* Info.plist */ = {isa = PBXFileReference; lastKnownFileType = text.plist.xml; path = Info.plist; sourceTree = "<group>"; };
		F9C044AC283B9ED50038F175 /* NetflixTests.xctest */ = {isa = PBXFileReference; explicitFileType = wrapper.cfbundle; includeInIndex = 0; path = NetflixTests.xctest; sourceTree = BUILT_PRODUCTS_DIR; };
		F9C044B0283B9ED50038F175 /* NetflixTests.swift */ = {isa = PBXFileReference; lastKnownFileType = sourcecode.swift; path = NetflixTests.swift; sourceTree = "<group>"; };
		F9C044B6283B9ED50038F175 /* NetflixUITests.xctest */ = {isa = PBXFileReference; explicitFileType = wrapper.cfbundle; includeInIndex = 0; path = NetflixUITests.xctest; sourceTree = BUILT_PRODUCTS_DIR; };
		F9C044BA283B9ED50038F175 /* NetflixUITests.swift */ = {isa = PBXFileReference; lastKnownFileType = sourcecode.swift; path = NetflixUITests.swift; sourceTree = "<group>"; };
		F9C044BC283B9ED50038F175 /* NetflixUITestsLaunchTests.swift */ = {isa = PBXFileReference; lastKnownFileType = sourcecode.swift; path = NetflixUITestsLaunchTests.swift; sourceTree = "<group>"; };
		F9C73AAD2843A67F004EF079 /* CustomFavoritesTableViewCell.swift */ = {isa = PBXFileReference; lastKnownFileType = sourcecode.swift; path = CustomFavoritesTableViewCell.swift; sourceTree = "<group>"; };
		F9C73AB02843D958004EF079 /* MovieDetailsUIView.swift */ = {isa = PBXFileReference; lastKnownFileType = sourcecode.swift; path = MovieDetailsUIView.swift; sourceTree = "<group>"; };
/* End PBXFileReference section */

/* Begin PBXFrameworksBuildPhase section */
		F9C04493283B9ED40038F175 /* Frameworks */ = {
			isa = PBXFrameworksBuildPhase;
			buildActionMask = 2147483647;
			files = (
				F2318DB2FC80330ECADF3200 /* Pods_Netflix.framework in Frameworks */,
			);
			runOnlyForDeploymentPostprocessing = 0;
		};
		F9C044A9283B9ED50038F175 /* Frameworks */ = {
			isa = PBXFrameworksBuildPhase;
			buildActionMask = 2147483647;
			files = (
			);
			runOnlyForDeploymentPostprocessing = 0;
		};
		F9C044B3283B9ED50038F175 /* Frameworks */ = {
			isa = PBXFrameworksBuildPhase;
			buildActionMask = 2147483647;
			files = (
			);
			runOnlyForDeploymentPostprocessing = 0;
		};
/* End PBXFrameworksBuildPhase section */

/* Begin PBXGroup section */
		3D965AC39F303DAC7090CA33 /* Frameworks */ = {
			isa = PBXGroup;
			children = (
				7F404FC2FA6F4E72BB3F058F /* Pods_Netflix.framework */,
			);
			name = Frameworks;
			sourceTree = "<group>";
		};
		CEDE7B26709B129A4358B247 /* Pods */ = {
			isa = PBXGroup;
			children = (
				220D5AE1C398F972F140CF21 /* Pods-Netflix.debug.xcconfig */,
				B9A0B76BEEC1C6AFEDCD8A2B /* Pods-Netflix.release.xcconfig */,
			);
			path = Pods;
			sourceTree = "<group>";
		};
		F90CAFE228463C0E0011E4E5 /* First */ = {
			isa = PBXGroup;
			children = (
				F967AF0C2844B47C00758CE0 /* FirstOnBoardingUIView.swift */,
			);
			path = First;
			sourceTree = "<group>";
		};
		F90CAFE328463C2A0011E4E5 /* Second */ = {
			isa = PBXGroup;
			children = (
				F967AF0E2844B48900758CE0 /* SecondOnBoardingUIView.swift */,
			);
			path = Second;
			sourceTree = "<group>";
		};
		F910B980283E5D5100A55A7A /* Generated */ = {
			isa = PBXGroup;
			children = (
				F910B981283E5D6B00A55A7A /* XCAssets+Generated.swift */,
			);
			path = Generated;
			sourceTree = "<group>";
		};
		F9489B0D283E111300677A73 /* Views */ = {
			isa = PBXGroup;
			children = (
				F98359A12841276D00BD6F8A /* Splash */,
				F98359A6284128DA00BD6F8A /* OnBoarding */,
				F983599B284110A300BD6F8A /* Login */,
				F99F54C9284261E200302337 /* Dashboard */,
				F9C73AAF2843D908004EF079 /* MovieDetails */,
				F981054A283F7E93005496FD /* Components */,
			);
			path = Views;
			sourceTree = "<group>";
		};
		F9489B0F283E11AD00677A73 /* Delegates */ = {
			isa = PBXGroup;
			children = (
				F9C04499283B9ED40038F175 /* AppDelegate.swift */,
				F9C0449B283B9ED40038F175 /* SceneDelegate.swift */,
			);
			path = Delegates;
			sourceTree = "<group>";
		};
		F9489B1C283E20E600677A73 /* Home */ = {
			isa = PBXGroup;
			children = (
				F9489B15283E1CD100677A73 /* HomeViewController.swift */,
				F9489B1F283E51C200677A73 /* HomeLatestMovieUIView.swift */,
				F910B983283E716A00A55A7A /* HomePopularMoviesUIView.swift */,
				F90CAFE428463D5D0011E4E5 /* HomeViewCoordinator.swift */,
			);
			path = Home;
			sourceTree = "<group>";
		};
		F94E13B1284DE490008F9B2F /* UI */ = {
			isa = PBXGroup;
			children = (
				F983599E28411EB300BD6F8A /* UITextField.Extensions.swift */,
				F94E13B2284DE49E008F9B2F /* UIScrollView.Extensions.swift */,
				F94E13B4284DE4A7008F9B2F /* UITabBarItem.Extensions.swift */,
				F9253519284F53B10037AD29 /* UIViewController.Extensions.swift */,
				F925351B284F53F70037AD29 /* UIResponder.Extensions.swift */,
			);
			path = UI;
			sourceTree = "<group>";
		};
		F967AF0B2844B45100758CE0 /* OnBoardingItems */ = {
			isa = PBXGroup;
			children = (
				F90CAFE228463C0E0011E4E5 /* First */,
				F90CAFE328463C2A0011E4E5 /* Second */,
			);
			path = OnBoardingItems;
			sourceTree = "<group>";
		};
		F97E8E71284F335700461380 /* Loading */ = {
			isa = PBXGroup;
			children = (
				F97E8E72284F337D00461380 /* LoadingUIView.swift */,
				F904FDF5284F366200B0A72A /* LottieSpinner.json */,
			);
			path = Loading;
			sourceTree = "<group>";
		};
		F981054A283F7E93005496FD /* Components */ = {
			isa = PBXGroup;
			children = (
				F99D1B5C284268B3009EE515 /* CustomComingSoonCollectionViewCell.swift */,
				F99AA5492840E44000BB3B76 /* CustomPopularMoviesCollectionViewCell.swift */,
				F9C73AAD2843A67F004EF079 /* CustomFavoritesTableViewCell.swift */,
				F9810548283F69BA005496FD /* UIVerticalButton.swift */,
			);
			path = Components;
			sourceTree = "<group>";
		};
		F983599B284110A300BD6F8A /* Login */ = {
			isa = PBXGroup;
			children = (
				F983599C284110D100BD6F8A /* LoginUIView.swift */,
				F90CAFD6284631890011E4E5 /* LoginViewController.swift */,
				F90CAFEA28464F6F0011E4E5 /* LoginViewCoordinator.swift */,
			);
			path = Login;
			sourceTree = "<group>";
		};
		F98359A02841272600BD6F8A /* Extensions */ = {
			isa = PBXGroup;
			children = (
				F94E13B1284DE490008F9B2F /* UI */,
			);
			path = Extensions;
			sourceTree = "<group>";
		};
		F98359A12841276D00BD6F8A /* Splash */ = {
			isa = PBXGroup;
			children = (
				F98359A22841278800BD6F8A /* SplashUIView.swift */,
				F90CAFD4284630070011E4E5 /* SplashViewController.swift */,
				F91253E82848F368005792F9 /* SplashViewModel.swift */,
				F90CAFDE284637500011E4E5 /* SplashCoordinator.swift */,
			);
			path = Splash;
			sourceTree = "<group>";
		};
		F98359A6284128DA00BD6F8A /* OnBoarding */ = {
			isa = PBXGroup;
			children = (
				F98359A4284128D100BD6F8A /* OnBoardingUIView.swift */,
				F967AF092844B36900758CE0 /* OnBoardingViewController.swift */,
				F90CAFDC2846358B0011E4E5 /* OnBoardingCoordinator.swift */,
				F967AF0B2844B45100758CE0 /* OnBoardingItems */,
			);
			path = OnBoarding;
			sourceTree = "<group>";
		};
		F98B38A428461E6600349F6E /* Coordinator */ = {
			isa = PBXGroup;
			children = (
				F90CAFDA284633320011E4E5 /* ApplicationCoordinator.swift */,
				F90CAFE028463AB80011E4E5 /* MainCoordinator.swift */,
			);
			path = Coordinator;
			sourceTree = "<group>";
		};
		F98B38A728461EAE00349F6E /* Protocols */ = {
			isa = PBXGroup;
			children = (
				F98B38A528461EA900349F6E /* Coordinator.swift */,
			);
			path = Protocols;
			sourceTree = "<group>";
		};
		F99D1B58284262D2009EE515 /* ComingSoon */ = {
			isa = PBXGroup;
			children = (
				F9489B17283E1CFD00677A73 /* CommingSoonViewController.swift */,
				F99D1B59284262EE009EE515 /* CommingSoonUIView.swift */,
				F90CAFE628463E9E0011E4E5 /* CommingSoonCoordinator.swift */,
			);
			path = ComingSoon;
			sourceTree = "<group>";
		};
		F99D1B5E28428072009EE515 /* Favorites */ = {
			isa = PBXGroup;
			children = (
				F9489B19283E1D2400677A73 /* FavoritesViewController.swift */,
				F99D1B5F2842808A009EE515 /* FavoritesUIView.swift */,
				F90CAFE8284644020011E4E5 /* FavoritesCoordinator.swift */,
			);
			path = Favorites;
			sourceTree = "<group>";
		};
		F99F54C9284261E200302337 /* Dashboard */ = {
			isa = PBXGroup;
			children = (
				F9489B1C283E20E600677A73 /* Home */,
				F99D1B58284262D2009EE515 /* ComingSoon */,
				F99D1B5E28428072009EE515 /* Favorites */,
				F97E8E71284F335700461380 /* Loading */,
			);
			path = Dashboard;
			sourceTree = "<group>";
		};
		F9C0448D283B9ED40038F175 = {
			isa = PBXGroup;
			children = (
				F9489B21283E58DD00677A73 /* swiftgen.yml */,
				F9A2AF0B283CC5E700EB7EB1 /* .swiftlint.yml */,
				F9C04498283B9ED40038F175 /* Netflix */,
				F9C044AF283B9ED50038F175 /* NetflixTests */,
				F9C044B9283B9ED50038F175 /* NetflixUITests */,
				F9C04497283B9ED40038F175 /* Products */,
				CEDE7B26709B129A4358B247 /* Pods */,
				3D965AC39F303DAC7090CA33 /* Frameworks */,
			);
			sourceTree = "<group>";
		};
		F9C04497283B9ED40038F175 /* Products */ = {
			isa = PBXGroup;
			children = (
				F9C04496283B9ED40038F175 /* Netflix.app */,
				F9C044AC283B9ED50038F175 /* NetflixTests.xctest */,
				F9C044B6283B9ED50038F175 /* NetflixUITests.xctest */,
			);
			name = Products;
			sourceTree = "<group>";
		};
		F9C04498283B9ED40038F175 /* Netflix */ = {
			isa = PBXGroup;
			children = (
				F98B38A428461E6600349F6E /* Coordinator */,
				F9489B0F283E11AD00677A73 /* Delegates */,
				F9489B0D283E111300677A73 /* Views */,
				F98359A02841272600BD6F8A /* Extensions */,
				F98B38A728461EAE00349F6E /* Protocols */,
				F9C044A2283B9ED40038F175 /* Assets.xcassets */,
				F910B980283E5D5100A55A7A /* Generated */,
				F9C044A4283B9ED40038F175 /* LaunchScreen.storyboard */,
				F9C044A7283B9ED40038F175 /* Info.plist */,
			);
			path = Netflix;
			sourceTree = "<group>";
		};
		F9C044AF283B9ED50038F175 /* NetflixTests */ = {
			isa = PBXGroup;
			children = (
				F9C044B0283B9ED50038F175 /* NetflixTests.swift */,
			);
			path = NetflixTests;
			sourceTree = "<group>";
		};
		F9C044B9283B9ED50038F175 /* NetflixUITests */ = {
			isa = PBXGroup;
			children = (
				F9C044BA283B9ED50038F175 /* NetflixUITests.swift */,
				F9C044BC283B9ED50038F175 /* NetflixUITestsLaunchTests.swift */,
			);
			path = NetflixUITests;
			sourceTree = "<group>";
		};
		F9C73AAF2843D908004EF079 /* MovieDetails */ = {
			isa = PBXGroup;
			children = (
				F9C73AB02843D958004EF079 /* MovieDetailsUIView.swift */,
				F90CAFD82846320B0011E4E5 /* MovieDetailsViewController.swift */,
				F90CAFEC28464FD80011E4E5 /* MovieDetailsCoordinator.swift */,
			);
			path = MovieDetails;
			sourceTree = "<group>";
		};
/* End PBXGroup section */

/* Begin PBXNativeTarget section */
		F9C04495283B9ED40038F175 /* Netflix */ = {
			isa = PBXNativeTarget;
			buildConfigurationList = F9C044C0283B9ED50038F175 /* Build configuration list for PBXNativeTarget "Netflix" */;
			buildPhases = (
				31DBB6FE11B22700380A1E3C /* [CP] Check Pods Manifest.lock */,
				F9633E31283BEDE200B8C083 /* SwiftGen */,
				F9C04492283B9ED40038F175 /* Sources */,
				F9C04493283B9ED40038F175 /* Frameworks */,
				F9C04494283B9ED40038F175 /* Resources */,
				F9633E2C283BEB9500B8C083 /* SwiftLint */,
				8BF5BA21FC0413381E91AF2A /* [CP] Embed Pods Frameworks */,
			);
			buildRules = (
			);
			dependencies = (
			);
			name = Netflix;
			productName = Netflix;
			productReference = F9C04496283B9ED40038F175 /* Netflix.app */;
			productType = "com.apple.product-type.application";
		};
		F9C044AB283B9ED50038F175 /* NetflixTests */ = {
			isa = PBXNativeTarget;
			buildConfigurationList = F9C044C3283B9ED50038F175 /* Build configuration list for PBXNativeTarget "NetflixTests" */;
			buildPhases = (
				F9C044A8283B9ED50038F175 /* Sources */,
				F9C044A9283B9ED50038F175 /* Frameworks */,
				F9C044AA283B9ED50038F175 /* Resources */,
			);
			buildRules = (
			);
			dependencies = (
				F9C044AE283B9ED50038F175 /* PBXTargetDependency */,
			);
			name = NetflixTests;
			productName = NetflixTests;
			productReference = F9C044AC283B9ED50038F175 /* NetflixTests.xctest */;
			productType = "com.apple.product-type.bundle.unit-test";
		};
		F9C044B5283B9ED50038F175 /* NetflixUITests */ = {
			isa = PBXNativeTarget;
			buildConfigurationList = F9C044C6283B9ED50038F175 /* Build configuration list for PBXNativeTarget "NetflixUITests" */;
			buildPhases = (
				F9C044B2283B9ED50038F175 /* Sources */,
				F9C044B3283B9ED50038F175 /* Frameworks */,
				F9C044B4283B9ED50038F175 /* Resources */,
			);
			buildRules = (
			);
			dependencies = (
				F9C044B8283B9ED50038F175 /* PBXTargetDependency */,
			);
			name = NetflixUITests;
			productName = NetflixUITests;
			productReference = F9C044B6283B9ED50038F175 /* NetflixUITests.xctest */;
			productType = "com.apple.product-type.bundle.ui-testing";
		};
/* End PBXNativeTarget section */

/* Begin PBXProject section */
		F9C0448E283B9ED40038F175 /* Project object */ = {
			isa = PBXProject;
			attributes = {
				BuildIndependentTargetsInParallel = 1;
				LastSwiftUpdateCheck = 1340;
				LastUpgradeCheck = 1340;
				TargetAttributes = {
					F9C04495283B9ED40038F175 = {
						CreatedOnToolsVersion = 13.4;
					};
					F9C044AB283B9ED50038F175 = {
						CreatedOnToolsVersion = 13.4;
						TestTargetID = F9C04495283B9ED40038F175;
					};
					F9C044B5283B9ED50038F175 = {
						CreatedOnToolsVersion = 13.4;
						TestTargetID = F9C04495283B9ED40038F175;
					};
				};
			};
			buildConfigurationList = F9C04491283B9ED40038F175 /* Build configuration list for PBXProject "Netflix" */;
			compatibilityVersion = "Xcode 13.0";
			developmentRegion = en;
			hasScannedForEncodings = 0;
			knownRegions = (
				en,
				Base,
			);
			mainGroup = F9C0448D283B9ED40038F175;
			productRefGroup = F9C04497283B9ED40038F175 /* Products */;
			projectDirPath = "";
			projectRoot = "";
			targets = (
				F9C04495283B9ED40038F175 /* Netflix */,
				F9C044AB283B9ED50038F175 /* NetflixTests */,
				F9C044B5283B9ED50038F175 /* NetflixUITests */,
			);
		};
/* End PBXProject section */

/* Begin PBXResourcesBuildPhase section */
		F9C04494283B9ED40038F175 /* Resources */ = {
			isa = PBXResourcesBuildPhase;
			buildActionMask = 2147483647;
			files = (
				F904FDF6284F366200B0A72A /* LottieSpinner.json in Resources */,
				F9A2AF0C283CC5E700EB7EB1 /* .swiftlint.yml in Resources */,
				F9C044A6283B9ED40038F175 /* LaunchScreen.storyboard in Resources */,
				F9C044A3283B9ED40038F175 /* Assets.xcassets in Resources */,
				F9489B22283E58DD00677A73 /* swiftgen.yml in Resources */,
			);
			runOnlyForDeploymentPostprocessing = 0;
		};
		F9C044AA283B9ED50038F175 /* Resources */ = {
			isa = PBXResourcesBuildPhase;
			buildActionMask = 2147483647;
			files = (
			);
			runOnlyForDeploymentPostprocessing = 0;
		};
		F9C044B4283B9ED50038F175 /* Resources */ = {
			isa = PBXResourcesBuildPhase;
			buildActionMask = 2147483647;
			files = (
			);
			runOnlyForDeploymentPostprocessing = 0;
		};
/* End PBXResourcesBuildPhase section */

/* Begin PBXShellScriptBuildPhase section */
		31DBB6FE11B22700380A1E3C /* [CP] Check Pods Manifest.lock */ = {
			isa = PBXShellScriptBuildPhase;
			buildActionMask = 2147483647;
			files = (
			);
			inputFileListPaths = (
			);
			inputPaths = (
				"${PODS_PODFILE_DIR_PATH}/Podfile.lock",
				"${PODS_ROOT}/Manifest.lock",
			);
			name = "[CP] Check Pods Manifest.lock";
			outputFileListPaths = (
			);
			outputPaths = (
				"$(DERIVED_FILE_DIR)/Pods-Netflix-checkManifestLockResult.txt",
			);
			runOnlyForDeploymentPostprocessing = 0;
			shellPath = /bin/sh;
			shellScript = "diff \"${PODS_PODFILE_DIR_PATH}/Podfile.lock\" \"${PODS_ROOT}/Manifest.lock\" > /dev/null\nif [ $? != 0 ] ; then\n    # print error to STDERR\n    echo \"error: The sandbox is not in sync with the Podfile.lock. Run 'pod install' or update your CocoaPods installation.\" >&2\n    exit 1\nfi\n# This output is used by Xcode 'outputs' to avoid re-running this script phase.\necho \"SUCCESS\" > \"${SCRIPT_OUTPUT_FILE_0}\"\n";
			showEnvVarsInLog = 0;
		};
		8BF5BA21FC0413381E91AF2A /* [CP] Embed Pods Frameworks */ = {
			isa = PBXShellScriptBuildPhase;
			buildActionMask = 2147483647;
			files = (
			);
			inputFileListPaths = (
				"${PODS_ROOT}/Target Support Files/Pods-Netflix/Pods-Netflix-frameworks-${CONFIGURATION}-input-files.xcfilelist",
			);
			name = "[CP] Embed Pods Frameworks";
			outputFileListPaths = (
				"${PODS_ROOT}/Target Support Files/Pods-Netflix/Pods-Netflix-frameworks-${CONFIGURATION}-output-files.xcfilelist",
			);
			runOnlyForDeploymentPostprocessing = 0;
			shellPath = /bin/sh;
			shellScript = "\"${PODS_ROOT}/Target Support Files/Pods-Netflix/Pods-Netflix-frameworks.sh\"\n";
			showEnvVarsInLog = 0;
		};
		F9633E2C283BEB9500B8C083 /* SwiftLint */ = {
			isa = PBXShellScriptBuildPhase;
			buildActionMask = 2147483647;
			files = (
			);
			inputFileListPaths = (
			);
			inputPaths = (
			);
			name = SwiftLint;
			outputFileListPaths = (
			);
			outputPaths = (
			);
			runOnlyForDeploymentPostprocessing = 0;
			shellPath = /bin/sh;
			shellScript = "${PODS_ROOT}/SwiftLint/swiftlint\n";
		};
		F9633E31283BEDE200B8C083 /* SwiftGen */ = {
			isa = PBXShellScriptBuildPhase;
			buildActionMask = 2147483647;
			files = (
			);
			inputFileListPaths = (
			);
			inputPaths = (
			);
			name = SwiftGen;
			outputFileListPaths = (
			);
			outputPaths = (
			);
			runOnlyForDeploymentPostprocessing = 0;
			shellPath = /bin/sh;
			shellScript = "if [[ -f \"${PODS_ROOT}/SwiftGen/bin/swiftgen\" ]]; then\n  \"${PODS_ROOT}/SwiftGen/bin/swiftgen\"\nelse\n  echo \"warning: SwiftGen is not installed. Run 'pod install --repo-update' to install it.\"\nfi \n";
		};
/* End PBXShellScriptBuildPhase section */

/* Begin PBXSourcesBuildPhase section */
		F9C04492283B9ED40038F175 /* Sources */ = {
			isa = PBXSourcesBuildPhase;
			buildActionMask = 2147483647;
			files = (
				F910B984283E716A00A55A7A /* HomePopularMoviesUIView.swift in Sources */,
				F910B982283E5D6B00A55A7A /* XCAssets+Generated.swift in Sources */,
				F9C73AB12843D958004EF079 /* MovieDetailsUIView.swift in Sources */,
				F91253E92848F368005792F9 /* SplashViewModel.swift in Sources */,
				F9489B18283E1CFD00677A73 /* CommingSoonViewController.swift in Sources */,
				F9810549283F69BA005496FD /* UIVerticalButton.swift in Sources */,
				F99D1B5A284262EE009EE515 /* CommingSoonUIView.swift in Sources */,
				F9489B16283E1CD100677A73 /* HomeViewController.swift in Sources */,
				F967AF0F2844B48900758CE0 /* SecondOnBoardingUIView.swift in Sources */,
				F90CAFD92846320B0011E4E5 /* MovieDetailsViewController.swift in Sources */,
				F90CAFE728463E9E0011E4E5 /* CommingSoonCoordinator.swift in Sources */,
				F94E13B3284DE49E008F9B2F /* UIScrollView.Extensions.swift in Sources */,
				F90CAFDF284637500011E4E5 /* SplashCoordinator.swift in Sources */,
				F9C73AAE2843A67F004EF079 /* CustomFavoritesTableViewCell.swift in Sources */,
				F90CAFD5284630070011E4E5 /* SplashViewController.swift in Sources */,
				F98359A32841278800BD6F8A /* SplashUIView.swift in Sources */,
				F99AA54A2840E44000BB3B76 /* CustomPopularMoviesCollectionViewCell.swift in Sources */,
				F94E13B5284DE4A7008F9B2F /* UITabBarItem.Extensions.swift in Sources */,
				F98359A5284128D100BD6F8A /* OnBoardingUIView.swift in Sources */,
				F97E8E73284F337D00461380 /* LoadingUIView.swift in Sources */,
				F967AF0D2844B47C00758CE0 /* FirstOnBoardingUIView.swift in Sources */,
				F983599D284110D100BD6F8A /* LoginUIView.swift in Sources */,
				F9489B1A283E1D2400677A73 /* FavoritesViewController.swift in Sources */,
				F90CAFED28464FD80011E4E5 /* MovieDetailsCoordinator.swift in Sources */,
				F983599F28411EB300BD6F8A /* UITextField.Extensions.swift in Sources */,
				F90CAFDD2846358B0011E4E5 /* OnBoardingCoordinator.swift in Sources */,
				F99D1B602842808A009EE515 /* FavoritesUIView.swift in Sources */,
				F9C0449A283B9ED40038F175 /* AppDelegate.swift in Sources */,
				F9489B20283E51C200677A73 /* HomeLatestMovieUIView.swift in Sources */,
				F925351C284F53F70037AD29 /* UIResponder.Extensions.swift in Sources */,
				F99D1B5D284268B3009EE515 /* CustomComingSoonCollectionViewCell.swift in Sources */,
				F90CAFEB28464F6F0011E4E5 /* LoginViewCoordinator.swift in Sources */,
				F98B38A628461EA900349F6E /* Coordinator.swift in Sources */,
				F9C0449C283B9ED40038F175 /* SceneDelegate.swift in Sources */,
				F90CAFE128463AB80011E4E5 /* MainCoordinator.swift in Sources */,
				F90CAFE528463D5D0011E4E5 /* HomeViewCoordinator.swift in Sources */,
				F90CAFD7284631890011E4E5 /* LoginViewController.swift in Sources */,
				F967AF0A2844B36900758CE0 /* OnBoardingViewController.swift in Sources */,
				F90CAFE9284644020011E4E5 /* FavoritesCoordinator.swift in Sources */,
				F90CAFDB284633320011E4E5 /* ApplicationCoordinator.swift in Sources */,
				F925351A284F53B10037AD29 /* UIViewController.Extensions.swift in Sources */,
			);
			runOnlyForDeploymentPostprocessing = 0;
		};
		F9C044A8283B9ED50038F175 /* Sources */ = {
			isa = PBXSourcesBuildPhase;
			buildActionMask = 2147483647;
			files = (
				F9C044B1283B9ED50038F175 /* NetflixTests.swift in Sources */,
			);
			runOnlyForDeploymentPostprocessing = 0;
		};
		F9C044B2283B9ED50038F175 /* Sources */ = {
			isa = PBXSourcesBuildPhase;
			buildActionMask = 2147483647;
			files = (
				F9C044BB283B9ED50038F175 /* NetflixUITests.swift in Sources */,
				F9C044BD283B9ED50038F175 /* NetflixUITestsLaunchTests.swift in Sources */,
			);
			runOnlyForDeploymentPostprocessing = 0;
		};
/* End PBXSourcesBuildPhase section */

/* Begin PBXTargetDependency section */
		F9C044AE283B9ED50038F175 /* PBXTargetDependency */ = {
			isa = PBXTargetDependency;
			target = F9C04495283B9ED40038F175 /* Netflix */;
			targetProxy = F9C044AD283B9ED50038F175 /* PBXContainerItemProxy */;
		};
		F9C044B8283B9ED50038F175 /* PBXTargetDependency */ = {
			isa = PBXTargetDependency;
			target = F9C04495283B9ED40038F175 /* Netflix */;
			targetProxy = F9C044B7283B9ED50038F175 /* PBXContainerItemProxy */;
		};
/* End PBXTargetDependency section */

/* Begin PBXVariantGroup section */
		F9C044A4283B9ED40038F175 /* LaunchScreen.storyboard */ = {
			isa = PBXVariantGroup;
			children = (
				F9C044A5283B9ED40038F175 /* Base */,
			);
			name = LaunchScreen.storyboard;
			sourceTree = "<group>";
		};
/* End PBXVariantGroup section */

/* Begin XCBuildConfiguration section */
		F9C044BE283B9ED50038F175 /* Debug */ = {
			isa = XCBuildConfiguration;
			buildSettings = {
				ALWAYS_SEARCH_USER_PATHS = NO;
				CLANG_ANALYZER_NONNULL = YES;
				CLANG_ANALYZER_NUMBER_OBJECT_CONVERSION = YES_AGGRESSIVE;
				CLANG_CXX_LANGUAGE_STANDARD = "gnu++17";
				CLANG_ENABLE_MODULES = YES;
				CLANG_ENABLE_OBJC_ARC = YES;
				CLANG_ENABLE_OBJC_WEAK = YES;
				CLANG_WARN_BLOCK_CAPTURE_AUTORELEASING = YES;
				CLANG_WARN_BOOL_CONVERSION = YES;
				CLANG_WARN_COMMA = YES;
				CLANG_WARN_CONSTANT_CONVERSION = YES;
				CLANG_WARN_DEPRECATED_OBJC_IMPLEMENTATIONS = YES;
				CLANG_WARN_DIRECT_OBJC_ISA_USAGE = YES_ERROR;
				CLANG_WARN_DOCUMENTATION_COMMENTS = YES;
				CLANG_WARN_EMPTY_BODY = YES;
				CLANG_WARN_ENUM_CONVERSION = YES;
				CLANG_WARN_INFINITE_RECURSION = YES;
				CLANG_WARN_INT_CONVERSION = YES;
				CLANG_WARN_NON_LITERAL_NULL_CONVERSION = YES;
				CLANG_WARN_OBJC_IMPLICIT_RETAIN_SELF = YES;
				CLANG_WARN_OBJC_LITERAL_CONVERSION = YES;
				CLANG_WARN_OBJC_ROOT_CLASS = YES_ERROR;
				CLANG_WARN_QUOTED_INCLUDE_IN_FRAMEWORK_HEADER = YES;
				CLANG_WARN_RANGE_LOOP_ANALYSIS = YES;
				CLANG_WARN_STRICT_PROTOTYPES = YES;
				CLANG_WARN_SUSPICIOUS_MOVE = YES;
				CLANG_WARN_UNGUARDED_AVAILABILITY = YES_AGGRESSIVE;
				CLANG_WARN_UNREACHABLE_CODE = YES;
				CLANG_WARN__DUPLICATE_METHOD_MATCH = YES;
				COPY_PHASE_STRIP = NO;
				DEBUG_INFORMATION_FORMAT = dwarf;
				ENABLE_STRICT_OBJC_MSGSEND = YES;
				ENABLE_TESTABILITY = YES;
				GCC_C_LANGUAGE_STANDARD = gnu11;
				GCC_DYNAMIC_NO_PIC = NO;
				GCC_NO_COMMON_BLOCKS = YES;
				GCC_OPTIMIZATION_LEVEL = 0;
				GCC_PREPROCESSOR_DEFINITIONS = (
					"DEBUG=1",
					"$(inherited)",
				);
				GCC_WARN_64_TO_32_BIT_CONVERSION = YES;
				GCC_WARN_ABOUT_RETURN_TYPE = YES_ERROR;
				GCC_WARN_UNDECLARED_SELECTOR = YES;
				GCC_WARN_UNINITIALIZED_AUTOS = YES_AGGRESSIVE;
				GCC_WARN_UNUSED_FUNCTION = YES;
				GCC_WARN_UNUSED_VARIABLE = YES;
				IPHONEOS_DEPLOYMENT_TARGET = 15.5;
				MTL_ENABLE_DEBUG_INFO = INCLUDE_SOURCE;
				MTL_FAST_MATH = YES;
				ONLY_ACTIVE_ARCH = YES;
				SDKROOT = iphoneos;
				SWIFT_ACTIVE_COMPILATION_CONDITIONS = DEBUG;
				SWIFT_OPTIMIZATION_LEVEL = "-Onone";
			};
			name = Debug;
		};
		F9C044BF283B9ED50038F175 /* Release */ = {
			isa = XCBuildConfiguration;
			buildSettings = {
				ALWAYS_SEARCH_USER_PATHS = NO;
				CLANG_ANALYZER_NONNULL = YES;
				CLANG_ANALYZER_NUMBER_OBJECT_CONVERSION = YES_AGGRESSIVE;
				CLANG_CXX_LANGUAGE_STANDARD = "gnu++17";
				CLANG_ENABLE_MODULES = YES;
				CLANG_ENABLE_OBJC_ARC = YES;
				CLANG_ENABLE_OBJC_WEAK = YES;
				CLANG_WARN_BLOCK_CAPTURE_AUTORELEASING = YES;
				CLANG_WARN_BOOL_CONVERSION = YES;
				CLANG_WARN_COMMA = YES;
				CLANG_WARN_CONSTANT_CONVERSION = YES;
				CLANG_WARN_DEPRECATED_OBJC_IMPLEMENTATIONS = YES;
				CLANG_WARN_DIRECT_OBJC_ISA_USAGE = YES_ERROR;
				CLANG_WARN_DOCUMENTATION_COMMENTS = YES;
				CLANG_WARN_EMPTY_BODY = YES;
				CLANG_WARN_ENUM_CONVERSION = YES;
				CLANG_WARN_INFINITE_RECURSION = YES;
				CLANG_WARN_INT_CONVERSION = YES;
				CLANG_WARN_NON_LITERAL_NULL_CONVERSION = YES;
				CLANG_WARN_OBJC_IMPLICIT_RETAIN_SELF = YES;
				CLANG_WARN_OBJC_LITERAL_CONVERSION = YES;
				CLANG_WARN_OBJC_ROOT_CLASS = YES_ERROR;
				CLANG_WARN_QUOTED_INCLUDE_IN_FRAMEWORK_HEADER = YES;
				CLANG_WARN_RANGE_LOOP_ANALYSIS = YES;
				CLANG_WARN_STRICT_PROTOTYPES = YES;
				CLANG_WARN_SUSPICIOUS_MOVE = YES;
				CLANG_WARN_UNGUARDED_AVAILABILITY = YES_AGGRESSIVE;
				CLANG_WARN_UNREACHABLE_CODE = YES;
				CLANG_WARN__DUPLICATE_METHOD_MATCH = YES;
				COPY_PHASE_STRIP = NO;
				DEBUG_INFORMATION_FORMAT = "dwarf-with-dsym";
				ENABLE_NS_ASSERTIONS = NO;
				ENABLE_STRICT_OBJC_MSGSEND = YES;
				GCC_C_LANGUAGE_STANDARD = gnu11;
				GCC_NO_COMMON_BLOCKS = YES;
				GCC_WARN_64_TO_32_BIT_CONVERSION = YES;
				GCC_WARN_ABOUT_RETURN_TYPE = YES_ERROR;
				GCC_WARN_UNDECLARED_SELECTOR = YES;
				GCC_WARN_UNINITIALIZED_AUTOS = YES_AGGRESSIVE;
				GCC_WARN_UNUSED_FUNCTION = YES;
				GCC_WARN_UNUSED_VARIABLE = YES;
				IPHONEOS_DEPLOYMENT_TARGET = 15.5;
				MTL_ENABLE_DEBUG_INFO = NO;
				MTL_FAST_MATH = YES;
				SDKROOT = iphoneos;
				SWIFT_COMPILATION_MODE = wholemodule;
				SWIFT_OPTIMIZATION_LEVEL = "-O";
				VALIDATE_PRODUCT = YES;
			};
			name = Release;
		};
		F9C044C1283B9ED50038F175 /* Debug */ = {
			isa = XCBuildConfiguration;
			baseConfigurationReference = 220D5AE1C398F972F140CF21 /* Pods-Netflix.debug.xcconfig */;
			buildSettings = {
				ASSETCATALOG_COMPILER_APPICON_NAME = AppIcon;
				ASSETCATALOG_COMPILER_GLOBAL_ACCENT_COLOR_NAME = RedNetflix;
				CODE_SIGN_STYLE = Automatic;
				CURRENT_PROJECT_VERSION = 1;
				DEVELOPMENT_TEAM = BM3524Q23U;
				GENERATE_INFOPLIST_FILE = YES;
				INFOPLIST_FILE = Netflix/Info.plist;
				INFOPLIST_KEY_UIApplicationSupportsIndirectInputEvents = YES;
				INFOPLIST_KEY_UILaunchStoryboardName = LaunchScreen;
				INFOPLIST_KEY_UIMainStoryboardFile = "";
				INFOPLIST_KEY_UIStatusBarHidden = NO;
				INFOPLIST_KEY_UISupportedInterfaceOrientations = UIInterfaceOrientationPortrait;
				INFOPLIST_KEY_UISupportedInterfaceOrientations_iPad = "UIInterfaceOrientationPortrait UIInterfaceOrientationPortraitUpsideDown UIInterfaceOrientationLandscapeLeft UIInterfaceOrientationLandscapeRight";
				INFOPLIST_KEY_UISupportedInterfaceOrientations_iPhone = "UIInterfaceOrientationPortrait UIInterfaceOrientationLandscapeLeft UIInterfaceOrientationLandscapeRight";
				IPHONEOS_DEPLOYMENT_TARGET = 13.0;
				LD_RUNPATH_SEARCH_PATHS = (
					"$(inherited)",
					"@executable_path/Frameworks",
				);
				MARKETING_VERSION = 1.0;
				PRODUCT_BUNDLE_IDENTIFIER = com.marekRoslik.Netflix;
				PRODUCT_NAME = "$(TARGET_NAME)";
				SWIFT_EMIT_LOC_STRINGS = YES;
				SWIFT_VERSION = 5.0;
				TARGETED_DEVICE_FAMILY = 1;
			};
			name = Debug;
		};
		F9C044C2283B9ED50038F175 /* Release */ = {
			isa = XCBuildConfiguration;
			baseConfigurationReference = B9A0B76BEEC1C6AFEDCD8A2B /* Pods-Netflix.release.xcconfig */;
			buildSettings = {
				ASSETCATALOG_COMPILER_APPICON_NAME = AppIcon;
				ASSETCATALOG_COMPILER_GLOBAL_ACCENT_COLOR_NAME = RedNetflix;
				CODE_SIGN_STYLE = Automatic;
				CURRENT_PROJECT_VERSION = 1;
				DEVELOPMENT_TEAM = BM3524Q23U;
				GENERATE_INFOPLIST_FILE = YES;
				INFOPLIST_FILE = Netflix/Info.plist;
				INFOPLIST_KEY_UIApplicationSupportsIndirectInputEvents = YES;
				INFOPLIST_KEY_UILaunchStoryboardName = LaunchScreen;
				INFOPLIST_KEY_UIMainStoryboardFile = "";
				INFOPLIST_KEY_UIStatusBarHidden = NO;
				INFOPLIST_KEY_UISupportedInterfaceOrientations = UIInterfaceOrientationPortrait;
				INFOPLIST_KEY_UISupportedInterfaceOrientations_iPad = "UIInterfaceOrientationPortrait UIInterfaceOrientationPortraitUpsideDown UIInterfaceOrientationLandscapeLeft UIInterfaceOrientationLandscapeRight";
				INFOPLIST_KEY_UISupportedInterfaceOrientations_iPhone = "UIInterfaceOrientationPortrait UIInterfaceOrientationLandscapeLeft UIInterfaceOrientationLandscapeRight";
				IPHONEOS_DEPLOYMENT_TARGET = 13.0;
				LD_RUNPATH_SEARCH_PATHS = (
					"$(inherited)",
					"@executable_path/Frameworks",
				);
				MARKETING_VERSION = 1.0;
				PRODUCT_BUNDLE_IDENTIFIER = com.marekRoslik.Netflix;
				PRODUCT_NAME = "$(TARGET_NAME)";
				SWIFT_COMPILATION_MODE = wholemodule;
				SWIFT_EMIT_LOC_STRINGS = YES;
				SWIFT_VERSION = 5.0;
				TARGETED_DEVICE_FAMILY = 1;
			};
			name = Release;
		};
		F9C044C4283B9ED50038F175 /* Debug */ = {
			isa = XCBuildConfiguration;
			buildSettings = {
				ALWAYS_EMBED_SWIFT_STANDARD_LIBRARIES = YES;
				BUNDLE_LOADER = "$(TEST_HOST)";
				CODE_SIGN_STYLE = Automatic;
				CURRENT_PROJECT_VERSION = 1;
				DEVELOPMENT_TEAM = BM3524Q23U;
				GENERATE_INFOPLIST_FILE = YES;
				IPHONEOS_DEPLOYMENT_TARGET = 15.5;
				MARKETING_VERSION = 1.0;
				PRODUCT_BUNDLE_IDENTIFIER = com.marekRoslik.NetflixTests;
				PRODUCT_NAME = "$(TARGET_NAME)";
				SWIFT_EMIT_LOC_STRINGS = NO;
				SWIFT_VERSION = 5.0;
				TARGETED_DEVICE_FAMILY = "1,2";
				TEST_HOST = "$(BUILT_PRODUCTS_DIR)/Netflix.app/Netflix";
			};
			name = Debug;
		};
		F9C044C5283B9ED50038F175 /* Release */ = {
			isa = XCBuildConfiguration;
			buildSettings = {
				ALWAYS_EMBED_SWIFT_STANDARD_LIBRARIES = YES;
				BUNDLE_LOADER = "$(TEST_HOST)";
				CODE_SIGN_STYLE = Automatic;
				CURRENT_PROJECT_VERSION = 1;
				DEVELOPMENT_TEAM = BM3524Q23U;
				GENERATE_INFOPLIST_FILE = YES;
				IPHONEOS_DEPLOYMENT_TARGET = 15.5;
				MARKETING_VERSION = 1.0;
				PRODUCT_BUNDLE_IDENTIFIER = com.marekRoslik.NetflixTests;
				PRODUCT_NAME = "$(TARGET_NAME)";
				SWIFT_EMIT_LOC_STRINGS = NO;
				SWIFT_VERSION = 5.0;
				TARGETED_DEVICE_FAMILY = "1,2";
				TEST_HOST = "$(BUILT_PRODUCTS_DIR)/Netflix.app/Netflix";
			};
			name = Release;
		};
		F9C044C7283B9ED50038F175 /* Debug */ = {
			isa = XCBuildConfiguration;
			buildSettings = {
				ALWAYS_EMBED_SWIFT_STANDARD_LIBRARIES = YES;
				CODE_SIGN_STYLE = Automatic;
				CURRENT_PROJECT_VERSION = 1;
				DEVELOPMENT_TEAM = BM3524Q23U;
				GENERATE_INFOPLIST_FILE = YES;
				MARKETING_VERSION = 1.0;
				PRODUCT_BUNDLE_IDENTIFIER = com.marekRoslik.NetflixUITests;
				PRODUCT_NAME = "$(TARGET_NAME)";
				SWIFT_EMIT_LOC_STRINGS = NO;
				SWIFT_VERSION = 5.0;
				TARGETED_DEVICE_FAMILY = "1,2";
				TEST_TARGET_NAME = Netflix;
			};
			name = Debug;
		};
		F9C044C8283B9ED50038F175 /* Release */ = {
			isa = XCBuildConfiguration;
			buildSettings = {
				ALWAYS_EMBED_SWIFT_STANDARD_LIBRARIES = YES;
				CODE_SIGN_STYLE = Automatic;
				CURRENT_PROJECT_VERSION = 1;
				DEVELOPMENT_TEAM = BM3524Q23U;
				GENERATE_INFOPLIST_FILE = YES;
				MARKETING_VERSION = 1.0;
				PRODUCT_BUNDLE_IDENTIFIER = com.marekRoslik.NetflixUITests;
				PRODUCT_NAME = "$(TARGET_NAME)";
				SWIFT_EMIT_LOC_STRINGS = NO;
				SWIFT_VERSION = 5.0;
				TARGETED_DEVICE_FAMILY = "1,2";
				TEST_TARGET_NAME = Netflix;
			};
			name = Release;
		};
/* End XCBuildConfiguration section */

/* Begin XCConfigurationList section */
		F9C04491283B9ED40038F175 /* Build configuration list for PBXProject "Netflix" */ = {
			isa = XCConfigurationList;
			buildConfigurations = (
				F9C044BE283B9ED50038F175 /* Debug */,
				F9C044BF283B9ED50038F175 /* Release */,
			);
			defaultConfigurationIsVisible = 0;
			defaultConfigurationName = Release;
		};
		F9C044C0283B9ED50038F175 /* Build configuration list for PBXNativeTarget "Netflix" */ = {
			isa = XCConfigurationList;
			buildConfigurations = (
				F9C044C1283B9ED50038F175 /* Debug */,
				F9C044C2283B9ED50038F175 /* Release */,
			);
			defaultConfigurationIsVisible = 0;
			defaultConfigurationName = Release;
		};
		F9C044C3283B9ED50038F175 /* Build configuration list for PBXNativeTarget "NetflixTests" */ = {
			isa = XCConfigurationList;
			buildConfigurations = (
				F9C044C4283B9ED50038F175 /* Debug */,
				F9C044C5283B9ED50038F175 /* Release */,
			);
			defaultConfigurationIsVisible = 0;
			defaultConfigurationName = Release;
		};
		F9C044C6283B9ED50038F175 /* Build configuration list for PBXNativeTarget "NetflixUITests" */ = {
			isa = XCConfigurationList;
			buildConfigurations = (
				F9C044C7283B9ED50038F175 /* Debug */,
				F9C044C8283B9ED50038F175 /* Release */,
			);
			defaultConfigurationIsVisible = 0;
			defaultConfigurationName = Release;
		};
/* End XCConfigurationList section */
	};
	rootObject = F9C0448E283B9ED40038F175 /* Project object */;
}
